
Microsoft Visual Studio Solution File, Format Version 12.00
# Visual Studio 15
VisualStudioVersion = 15.0.28307.271
MinimumVisualStudioVersion = 10.0.40219.1
Project("{FAE04EC0-301F-11D3-BF4B-00C04F79EFBC}") = "L2t1", "L2t1.csproj", "{96D62B9A-9C74-42EB-8310-FBF9C1D2F9DF}"
EndProject
Global
	GlobalSection(SolutionConfigurationPlatforms) = preSolution
		Debug|Any CPU = Debug|Any CPU
		Release|Any CPU = Release|Any CPU
	EndGlobalSection
	GlobalSection(ProjectConfigurationPlatforms) = postSolution
		{96D62B9A-9C74-42EB-8310-FBF9C1D2F9DF}.Debug|Any CPU.ActiveCfg = Debug|Any CPU
		{96D62B9A-9C74-42EB-8310-FBF9C1D2F9DF}.Debug|Any CPU.Build.0 = Debug|Any CPU
		{96D62B9A-9C74-42EB-8310-FBF9C1D2F9DF}.Release|Any CPU.ActiveCfg = Release|Any CPU
		{96D62B9A-9C74-42EB-8310-FBF9C1D2F9DF}.Release|Any CPU.Build.0 = Release|Any CPU
	EndGlobalSection
	GlobalSection(SolutionProperties) = preSolution
		HideSolutionNode = FALSE
	EndGlobalSection
	GlobalSection(ExtensibilityGlobals) = postSolution
		SolutionGuid = {CFB7DBA2-DA62-41BF-AE70-0E0F6DF9DD28}
	EndGlobalSection
EndGlobal
